
Microsoft Visual Studio Solution File, Format Version 12.00
# Visual Studio 15
VisualStudioVersion = 15.0.28307.1705
MinimumVisualStudioVersion = 10.0.40219.1
Project("{FAE04EC0-301F-11D3-BF4B-00C04F79EFBC}") = "dotnet poo", "dotnet poo\dotnet poo.csproj", "{54285FAE-0B60-4586-94D4-85055B8182CB}"
EndProject
Global
	GlobalSection(SolutionConfigurationPlatforms) = preSolution
		Debug|Any CPU = Debug|Any CPU
		Release|Any CPU = Release|Any CPU
	EndGlobalSection
	GlobalSection(ProjectConfigurationPlatforms) = postSolution
		{54285FAE-0B60-4586-94D4-85055B8182CB}.Debug|Any CPU.ActiveCfg = Debug|Any CPU
		{54285FAE-0B60-4586-94D4-85055B8182CB}.Debug|Any CPU.Build.0 = Debug|Any CPU
		{54285FAE-0B60-4586-94D4-85055B8182CB}.Release|Any CPU.ActiveCfg = Release|Any CPU
		{54285FAE-0B60-4586-94D4-85055B8182CB}.Release|Any CPU.Build.0 = Release|Any CPU
	EndGlobalSection
	GlobalSection(SolutionProperties) = preSolution
		HideSolutionNode = FALSE
	EndGlobalSection
	GlobalSection(ExtensibilityGlobals) = postSolution
		SolutionGuid = {70787645-A708-4DD6-A297-BBEE19B440E5}
	EndGlobalSection
EndGlobal
